
Microsoft Visual Studio Solution File, Format Version 12.00
# Visual Studio Version 17
VisualStudioVersion = 17.3.32819.101
MinimumVisualStudioVersion = 10.0.40219.1
Project("{FAE04EC0-301F-11D3-BF4B-00C04F79EFBC}") = "Messanger.Server", "Messanger.Server.csproj", "{C3745DAF-9333-49AD-9782-9F3FD4DB1F7A}"
EndProject
Project("{FAE04EC0-301F-11D3-BF4B-00C04F79EFBC}") = "Messanger.Client", "..\Messanger.Client\Messanger.Client.csproj", "{A4CFE833-C26D-4F4B-B852-85264BDCDF68}"
EndProject
Global
	GlobalSection(SolutionConfigurationPlatforms) = preSolution
		Debug|Any CPU = Debug|Any CPU
		Release|Any CPU = Release|Any CPU
	EndGlobalSection
	GlobalSection(ProjectConfigurationPlatforms) = postSolution
		{C3745DAF-9333-49AD-9782-9F3FD4DB1F7A}.Debug|Any CPU.ActiveCfg = Debug|Any CPU
		{C3745DAF-9333-49AD-9782-9F3FD4DB1F7A}.Debug|Any CPU.Build.0 = Debug|Any CPU
		{C3745DAF-9333-49AD-9782-9F3FD4DB1F7A}.Release|Any CPU.ActiveCfg = Release|Any CPU
		{C3745DAF-9333-49AD-9782-9F3FD4DB1F7A}.Release|Any CPU.Build.0 = Release|Any CPU
		{A4CFE833-C26D-4F4B-B852-85264BDCDF68}.Debug|Any CPU.ActiveCfg = Debug|Any CPU
		{A4CFE833-C26D-4F4B-B852-85264BDCDF68}.Debug|Any CPU.Build.0 = Debug|Any CPU
		{A4CFE833-C26D-4F4B-B852-85264BDCDF68}.Release|Any CPU.ActiveCfg = Release|Any CPU
		{A4CFE833-C26D-4F4B-B852-85264BDCDF68}.Release|Any CPU.Build.0 = Release|Any CPU
	EndGlobalSection
	GlobalSection(SolutionProperties) = preSolution
		HideSolutionNode = FALSE
	EndGlobalSection
	GlobalSection(ExtensibilityGlobals) = postSolution
		SolutionGuid = {5F4AE86F-B5FB-4FD9-910C-CF5482213EB0}
	EndGlobalSection
EndGlobal
